github.com/reusee/e v0.0.0-20190518092242-d745464ec1cb h1:fgNE4HD9F+Hp3u05yTLoh6Q4RmwLVQ52Xlr0aO5CnGw=
github.com/reusee/e v0.0.0-20190518092242-d745464ec1cb/go.mod h1:mppZXqwqYaXvqEaNsbZtoi3qeX0TfwzbuQTjOuSUcmI=
github.com/reusee/e v0.0.0-20190605030117-cc3fe876074c h1:osWuAMbGkmSrbVeplkIHr/f5sFDjfRm7bVJe1PS9E8k=
github.com/reusee/e v0.0.0-20190605030117-cc3fe876074c/go.mod h1:mppZXqwqYaXvqEaNsbZtoi3qeX0TfwzbuQTjOuSUcmI=
